
Microsoft Visual Studio Solution File, Format Version 12.00
# Visual Studio Version 17
VisualStudioVersion = 17.5.33627.172
MinimumVisualStudioVersion = 10.0.40219.1
Project("{FAE04EC0-301F-11D3-BF4B-00C04F79EFBC}") = "Signup form", "Signup form.csproj", "{E0EF6908-A755-4B78-92A1-BD39366FE275}"
EndProject
Global
	GlobalSection(SolutionConfigurationPlatforms) = preSolution
		Debug|Any CPU = Debug|Any CPU
		Release|Any CPU = Release|Any CPU
	EndGlobalSection
	GlobalSection(ProjectConfigurationPlatforms) = postSolution
		{E0EF6908-A755-4B78-92A1-BD39366FE275}.Debug|Any CPU.ActiveCfg = Debug|Any CPU
		{E0EF6908-A755-4B78-92A1-BD39366FE275}.Debug|Any CPU.Build.0 = Debug|Any CPU
		{E0EF6908-A755-4B78-92A1-BD39366FE275}.Release|Any CPU.ActiveCfg = Release|Any CPU
		{E0EF6908-A755-4B78-92A1-BD39366FE275}.Release|Any CPU.Build.0 = Release|Any CPU
	EndGlobalSection
	GlobalSection(SolutionProperties) = preSolution
		HideSolutionNode = FALSE
	EndGlobalSection
	GlobalSection(ExtensibilityGlobals) = postSolution
		SolutionGuid = {9D0E3A2A-167E-4018-85A5-F714119DCC3B}
	EndGlobalSection
EndGlobal
